
Microsoft Visual Studio Solution File, Format Version 12.00
Project("{FAE04EC0-301F-11D3-BF4B-00C04F79EFBC}") = "WebApiPublisher", "WebApiPublisher\WebApiPublisher.csproj", "{539E4844-5D7F-43A1-A2CD-4FEEB6424ED4}"
EndProject
Project("{FAE04EC0-301F-11D3-BF4B-00C04F79EFBC}") = "CrossCutting", "CrossCutting\CrossCutting.csproj", "{84B9C2BE-9036-467D-943F-E9CFE0BB8BDC}"
EndProject
Project("{FAE04EC0-301F-11D3-BF4B-00C04F79EFBC}") = "ConsoleAppConsumer", "ConsoleAppConsumer\ConsoleAppConsumer.csproj", "{37E78507-331F-40DB-AF99-82BAB3C5F2FE}"
EndProject
Global
	GlobalSection(SolutionConfigurationPlatforms) = preSolution
		Debug|Any CPU = Debug|Any CPU
		Release|Any CPU = Release|Any CPU
	EndGlobalSection
	GlobalSection(ProjectConfigurationPlatforms) = postSolution
		{539E4844-5D7F-43A1-A2CD-4FEEB6424ED4}.Debug|Any CPU.ActiveCfg = Debug|Any CPU
		{539E4844-5D7F-43A1-A2CD-4FEEB6424ED4}.Debug|Any CPU.Build.0 = Debug|Any CPU
		{539E4844-5D7F-43A1-A2CD-4FEEB6424ED4}.Release|Any CPU.ActiveCfg = Release|Any CPU
		{539E4844-5D7F-43A1-A2CD-4FEEB6424ED4}.Release|Any CPU.Build.0 = Release|Any CPU
		{84B9C2BE-9036-467D-943F-E9CFE0BB8BDC}.Debug|Any CPU.ActiveCfg = Debug|Any CPU
		{84B9C2BE-9036-467D-943F-E9CFE0BB8BDC}.Debug|Any CPU.Build.0 = Debug|Any CPU
		{84B9C2BE-9036-467D-943F-E9CFE0BB8BDC}.Release|Any CPU.ActiveCfg = Release|Any CPU
		{84B9C2BE-9036-467D-943F-E9CFE0BB8BDC}.Release|Any CPU.Build.0 = Release|Any CPU
		{37E78507-331F-40DB-AF99-82BAB3C5F2FE}.Debug|Any CPU.ActiveCfg = Debug|Any CPU
		{37E78507-331F-40DB-AF99-82BAB3C5F2FE}.Debug|Any CPU.Build.0 = Debug|Any CPU
		{37E78507-331F-40DB-AF99-82BAB3C5F2FE}.Release|Any CPU.ActiveCfg = Release|Any CPU
		{37E78507-331F-40DB-AF99-82BAB3C5F2FE}.Release|Any CPU.Build.0 = Release|Any CPU
	EndGlobalSection
EndGlobal
